
Microsoft Visual Studio Solution File, Format Version 12.00
# Visual Studio 2017
Project("{FAE04EC0-301F-11D3-BF4B-00C04F79EFBC}") = "barrier-master", "barrier-master.csproj", "{DBAEF449-2ECA-6C67-F648-81D9FEF89045}"
EndProject
Project("{FAE04EC0-301F-11D3-BF4B-00C04F79EFBC}") = "barrier-master.Editor", "barrier-master.Editor.csproj", "{A538D108-8599-0F27-4B6A-9310143EE161}"
EndProject
Global
	GlobalSection(SolutionConfigurationPlatforms) = preSolution
		Debug|Any CPU = Debug|Any CPU
		Release|Any CPU = Release|Any CPU
	EndGlobalSection
	GlobalSection(ProjectConfigurationPlatforms) = postSolution
		{DBAEF449-2ECA-6C67-F648-81D9FEF89045}.Debug|Any CPU.ActiveCfg = Debug|Any CPU
		{DBAEF449-2ECA-6C67-F648-81D9FEF89045}.Debug|Any CPU.Build.0 = Debug|Any CPU
		{DBAEF449-2ECA-6C67-F648-81D9FEF89045}.Release|Any CPU.ActiveCfg = Release|Any CPU
		{DBAEF449-2ECA-6C67-F648-81D9FEF89045}.Release|Any CPU.Build.0 = Release|Any CPU
		{A538D108-8599-0F27-4B6A-9310143EE161}.Debug|Any CPU.ActiveCfg = Debug|Any CPU
		{A538D108-8599-0F27-4B6A-9310143EE161}.Debug|Any CPU.Build.0 = Debug|Any CPU
		{A538D108-8599-0F27-4B6A-9310143EE161}.Release|Any CPU.ActiveCfg = Release|Any CPU
		{A538D108-8599-0F27-4B6A-9310143EE161}.Release|Any CPU.Build.0 = Release|Any CPU
	EndGlobalSection
	GlobalSection(SolutionProperties) = preSolution
		HideSolutionNode = FALSE
	EndGlobalSection
EndGlobal
