
Microsoft Visual Studio Solution File, Format Version 12.00
# Visual Studio 2017
Project("{FAE04EC0-301F-11D3-BF4B-00C04F79EFBC}") = "Barrier", "Barrier.csproj", "{0F0DE6D4-3A0D-6CDF-C599-524030A5022F}"
EndProject
Project("{FAE04EC0-301F-11D3-BF4B-00C04F79EFBC}") = "Barrier.Editor", "Barrier.Editor.csproj", "{03C11748-87B2-D675-96F3-5456B4C36368}"
EndProject
Global
	GlobalSection(SolutionConfigurationPlatforms) = preSolution
		Debug|Any CPU = Debug|Any CPU
		Release|Any CPU = Release|Any CPU
	EndGlobalSection
	GlobalSection(ProjectConfigurationPlatforms) = postSolution
		{0F0DE6D4-3A0D-6CDF-C599-524030A5022F}.Debug|Any CPU.ActiveCfg = Debug|Any CPU
		{0F0DE6D4-3A0D-6CDF-C599-524030A5022F}.Debug|Any CPU.Build.0 = Debug|Any CPU
		{0F0DE6D4-3A0D-6CDF-C599-524030A5022F}.Release|Any CPU.ActiveCfg = Release|Any CPU
		{0F0DE6D4-3A0D-6CDF-C599-524030A5022F}.Release|Any CPU.Build.0 = Release|Any CPU
		{03C11748-87B2-D675-96F3-5456B4C36368}.Debug|Any CPU.ActiveCfg = Debug|Any CPU
		{03C11748-87B2-D675-96F3-5456B4C36368}.Debug|Any CPU.Build.0 = Debug|Any CPU
		{03C11748-87B2-D675-96F3-5456B4C36368}.Release|Any CPU.ActiveCfg = Release|Any CPU
		{03C11748-87B2-D675-96F3-5456B4C36368}.Release|Any CPU.Build.0 = Release|Any CPU
	EndGlobalSection
	GlobalSection(SolutionProperties) = preSolution
		HideSolutionNode = FALSE
	EndGlobalSection
EndGlobal
